github.com/BurntSushi/toml v1.6.0 h1:dRaEfpa2VI55EwlIW72hMRHdWouJeRF7TPYhI+AUQjk=
github.com/BurntSushi/toml v1.6.0/go.mod h1:ukJfTF/6rtPPRCnwkur4qwRxa8vTRFBF0uk2lLoLwho=
github.com/adrg/xdg v0.5.3 h1:xRnxJXne7+oWDatRhR1JLnvuccuIeCoBu2rtuLqQB78=
github.com/adrg/xdg v0.5.3/go.mod h1:nlTsY+NNiCBGCK2tpm09vRqfVzrc2fLmXGpBLF0zlTQ=
github.com/davecgh/go-spew v1.1.1 h1:vj9j/u1bqnvCEfJOwUhtlOARqs3+rkHYY13jYWTU97c=
github.com/davecgh/go-spew v1.1.1/go.mod h1:J7Y8YcW2NihsgmVo/mv3lAwl/skON4iLHjSsI+c5H38=
github.com/google/go-cmp v0.5.2/go.mod h1:v8dTdLbMG2kIc/vJvl+f65V22dbkXbowE6jgT/gNBxE=
github.com/google/go-cmp v0.7.0 h1:wk8382ETsv4JYUZwIsn6YpYiWiBsYLSJiTsyBybVuN8=
github.com/google/go-cmp v0.7.0/go.mod h1:pXiqmnSA92OHEEa9HXL2W4E7lf9JzCmGVUdgjX3N/iU=
github.com/google/go-github/v80 v80.0.0 h1:BTyk3QOHekrk5VF+jIGz1TNEsmeoQG9K/UWaaP+EWQs=
github.com/google/go-github/v80 v80.0.0/go.mod h1:pRo4AIMdHW83HNMGfNysgSAv0vmu+/pkY8nZO9FT9Yo=
github.com/google/go-querystring v1.1.0 h1:AnCroh3fv4ZBgVIf1Iwtovgjaw/GiKJo8M8yD/fhyJ8=
github.com/google/go-querystring v1.1.0/go.mod h1:Kcdr2DB4koayq7X8pmAG4sNG59So17icRSOU623lUBU=
github.com/google/uuid v1.6.0 h1:NIvaJDMOsjHA8n1jAhLSgzrAzy1Hgr+hNrb57e+94F0=
github.com/google/uuid v1.6.0/go.mod h1:TIyPZe4MgqvfeYDBFedMoGGpEw/LqOeaOT+nhxU+yHo=
github.com/jwijenbergh/purego v0.0.0-20251017112123-b71757b9ba42 h1:kQ0LX4ffJvtONhymro3HzrB8XUa6dIGgrbnkl38Rgl0=
github.com/jwijenbergh/purego v0.0.0-20251017112123-b71757b9ba42/go.mod h1:amE5lVGstyh2GTEIHFEbgJHmoMD0llIuapnzIlZx7Fc=
github.com/jwijenbergh/puregotk v0.0.0-20251201161753-28ec1479c381 h1:Cy6in3ph8eGnl0w71S0NnH8ZCj0YhZZHzrwYEgtbtII=
github.com/jwijenbergh/puregotk v0.0.0-20251201161753-28ec1479c381/go.mod h1:mZu8qSvCSqtVL+xoiebZuicnJijwrLfGRs6/eTVgFlc=
github.com/lmittmann/tint v1.1.2 h1:2CQzrL6rslrsyjqLDwD11bZ5OpLBPU+g3G/r5LSfS8w=
github.com/lmittmann/tint v1.1.2/go.mod h1:HIS3gSy7qNwGCj+5oRjAutErFBl4BzdQP6cJZ0NfMwE=
github.com/otiai10/copy v1.14.1 h1:5/7E6qsUMBaH5AnQ0sSLzzTg1oTECmcCmT6lvF45Na8=
github.com/otiai10/copy v1.14.1/go.mod h1:oQwrEDDOci3IM8dJF0d8+jnbfPDllW6vUjNc3DoZm9I=
github.com/otiai10/mint v1.6.3 h1:87qsV/aw1F5as1eH1zS/yqHY85ANKVMgkDrf9rcxbQs=
github.com/otiai10/mint v1.6.3/go.mod h1:MJm72SBthJjz8qhefc4z1PYEieWmy8Bku7CjcAqyUSM=
github.com/pmezard/go-difflib v1.0.0 h1:4DBwDE0NGyQoBHbLQYPwSUPoCMWR5BEzIk/f1lZbAQM=
github.com/pmezard/go-difflib v1.0.0/go.mod h1:iKH77koFhYxTK1pcRnkKkqfTogsbg7gZNVY4sRDYZ/4=
github.com/pojntfx/go-gettext v0.2.0 h1:Nw3Hyy0Fef3pOuvYYPZESmbOT+IdnYjqx9/ywFo46GU=
github.com/pojntfx/go-gettext v0.2.0/go.mod h1:eGt2r0JKvlPZjiz+GqEDtg92//F30LEV/IB0h42bk40=
github.com/sewnie/drpc v0.0.0-20251027131846-60568f62ffb3 h1:6fpbNYIPwHciuuPVr4dOXdnJ10NrFQeuuxLtevK5hR8=
github.com/sewnie/drpc v0.0.0-20251027131846-60568f62ffb3/go.mod h1:vV4ApNpKIGN4PT5NYmWqw1IEIsFzqj0pspTUSltS+gk=
github.com/sewnie/rbxbin v0.0.0-20251228183315-8c321727936e h1:gIVKDHqky9549aoIBK9Un8blizqVlBgZbIX2IgZDpKk=
github.com/sewnie/rbxbin v0.0.0-20251228183315-8c321727936e/go.mod h1:gXO8Z0B62sjfHzkdl9vCt+DzOaSy97wrSCcVj/LjOpw=
github.com/sewnie/rbxweb v0.0.0-20250923154144-a174c75bba5d h1:9+O1OzqsVhNJVPewE7oJqVymRlm+ej8iArdafc7vfKs=
github.com/sewnie/rbxweb v0.0.0-20250923154144-a174c75bba5d/go.mod h1:nSfgVAspLMsixAWAfuTXAjBsiTyMchPxTx+jD3TrM20=
github.com/sewnie/wine v0.0.0-20251229152920-167ad5e895fe h1:1/FMCQJpEdGnApBTUbUSJRgNYuIpVsX4CgfG/rz4Qw4=
github.com/sewnie/wine v0.0.0-20251229152920-167ad5e895fe/go.mod h1:Wynen8QVBT+aVlsqiSLes3MM0zi2zfY4Ipq817/VPiI=
github.com/stretchr/testify v1.9.0 h1:HtqpIVDClZ4nwg75+f6Lvsy/wHu+3BoSGCbBAcpTsTg=
github.com/stretchr/testify v1.9.0/go.mod h1:r2ic/lqez/lEtzL7wO/rwa5dbSLXVDPFyf8C91i36aY=
github.com/ulikunitz/xz v0.5.15 h1:9DNdB5s+SgV3bQ2ApL10xRc35ck0DuIX/isZvIk+ubY=
github.com/ulikunitz/xz v0.5.15/go.mod h1:nbz6k7qbPmH4IRqmfOplQw/tblSgqTqBwxkY0oWt/14=
golang.org/x/sync v0.19.0 h1:vV+1eWNmZ5geRlYjzm2adRgW2/mcpevXNg50YZtPCE4=
golang.org/x/sync v0.19.0/go.mod h1:9KTHXmSnoGruLpwFjVSX0lNNA75CykiMECbovNTZqGI=
golang.org/x/sys v0.39.0 h1:CvCKL8MeisomCi6qNZ+wbb0DN9E5AATixKsvNtMoMFk=
golang.org/x/sys v0.39.0/go.mod h1:OgkHotnGiDImocRcuBABYBEXf8A9a87e/uXjp9XT3ks=
golang.org/x/xerrors v0.0.0-20191204190536-9bdfabe68543/go.mod h1:I/5z698sn9Ka8TeJc9MKroUUfqBBauWjQqLJ2OPfmY0=
gopkg.in/natefinch/npipe.v2 v2.0.0-20160621034901-c1b8fa8bdcce h1:+JknDZhAj8YMt7GC73Ei8pv4MzjDUNPHgQWJdtMAaDU=
gopkg.in/natefinch/npipe.v2 v2.0.0-20160621034901-c1b8fa8bdcce/go.mod h1:5AcXVHNjg+BDxry382+8OKon8SEWiKktQR07RKPsv1c=
gopkg.in/yaml.v3 v3.0.1 h1:fxVm/GzAzEWqLHuvctI91KS9hhNmmWOoWu0XTYJS7CA=
gopkg.in/yaml.v3 v3.0.1/go.mod h1:K4uyk7z7BCEPqu6E+C64Yfv1cQ7kz7rIZviUmN+EgEM=
